{
    "version": 3,
    "terraform_version": "0.10.2",
    "serial": 32,
    "lineage": "4fbc21a5-ae22-4849-9b5f-dffda6956e2a",
    "modules": [
        {
            "path": [
                "root"
            ],
            "outputs": {
                "IP_Addresses": {
                    "sensitive": false,
                    "type": "string",
                    "value": "\nClient public IPs: 34.229.214.111, 54.242.106.147\nClient private IPs: 172.31.27.139, 172.31.31.120\nServer public IPs: 34.227.100.141\nServer private IPs: 172.31.30.139\n\nTo connect, add your private key and SSH into any client or server with\n`ssh ubuntu@PUBLIC_IP`. You can test the integrity of the cluster by running:\n\n  $ consul members\n  $ nomad server-members\n  $ nomad node-status\n\nIf you see an error message like the following when running any of the above\ncommands, it usuallly indicates that the configuration script has not finished\nexecuting:\n\n\"Error querying servers: Get http://127.0.0.1:4646/v1/agent/members: dial tcp\n127.0.0.1:4646: getsockopt: connection refused\"\n\nSimply wait a few seconds and rerun the command if this occurs.\n\nThe Consul UI can be accessed at http://PUBLIC_IP:8500/ui.\n\n"
                }
            },
            "resources": {
                "data.external.region": {
                    "type": "external",
                    "depends_on": [],
                    "primary": {
                        "id": "-",
                        "attributes": {
                            "id": "-",
                            "program.#": "1",
                            "program.0": "./delay-vault-aws",
                            "result.%": "1",
                            "result.region": "us-east-1"
                        },
                        "meta": {},
                        "tainted": false
                    },
                    "deposed": [],
                    "provider": ""
                },
                "data.vault_generic_secret.aws_auth": {
                    "type": "vault_generic_secret",
                    "depends_on": [],
                    "primary": {
                        "id": "1a094d15-ff72-0d27-cb8e-780562a39db8",
                        "attributes": {
                            "data.%": "3",
                            "data.access_key": "AKIAJ4WEWX55WTYUV7VA",
                            "data.secret_key": "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",
                            "data.security_token": "null",
                            "data_json": "{\"access_key\":\"AKIAJ4WEWX55WTYUV7VA\",\"secret_key\":\"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\",\"security_token\":null}",
                            "id": "1a094d15-ff72-0d27-cb8e-780562a39db8",
                            "lease_duration": "1800",
                            "lease_id": "aws/creds/deploy/3e65327f-92ac-a5fa-92eb-7c968c390070",
                            "lease_renewable": "true",
                            "lease_start_time": "RFC1119",
                            "path": "aws/creds/deploy"
                        },
                        "meta": {},
                        "tainted": false
                    },
                    "deposed": [],
                    "provider": ""
                }
            },
            "depends_on": []
        },
        {
            "path": [
                "root",
                "hashistack"
            ],
            "outputs": {
                "client_private_ips": {
                    "sensitive": false,
                    "type": "list",
                    "value": [
                        "172.31.27.139",
                        "172.31.31.120"
                    ]
                },
                "client_public_ips": {
                    "sensitive": false,
                    "type": "list",
                    "value": [
                        "34.229.214.111",
                        "54.242.106.147"
                    ]
                },
                "primary_server_private_ips": {
                    "sensitive": false,
                    "type": "list",
                    "value": [
                        "172.31.30.139"
                    ]
                },
                "primary_server_public_ips": {
                    "sensitive": false,
                    "type": "list",
                    "value": [
                        "34.227.100.141"
                    ]
                }
            },
            "resources": {
                "aws_iam_instance_profile.instance_profile": {
                    "type": "aws_iam_instance_profile",
                    "depends_on": [
                        "aws_iam_role.instance_role"
                    ],
                    "primary": {
                        "id": "hashistack0095ba02f1d57105ee1fb73f22",
                        "attributes": {
                            "arn": "arn:aws:iam::190840704773:instance-profile/hashistack0095ba02f1d57105ee1fb73f22",
                            "id": "hashistack0095ba02f1d57105ee1fb73f22",
                            "name": "hashistack0095ba02f1d57105ee1fb73f22",
                            "name_prefix": "hashistack",
                            "path": "/",
                            "role": "hashistack0095ba02f1d57105ee1fb73f21",
                            "roles.#": "1",
                            "roles.2509713489": "hashistack0095ba02f1d57105ee1fb73f21",
                            "unique_id": "AIPAJMD2VIKRRLAHARVEO"
                        },
                        "meta": {},
                        "tainted": false
                    },
                    "deposed": [],
                    "provider": ""
                },
                "aws_iam_role.instance_role": {
                    "type": "aws_iam_role",
                    "depends_on": [
                        "data.aws_iam_policy_document.instance_role"
                    ],
                    "primary": {
                        "id": "hashistack0095ba02f1d57105ee1fb73f21",
                        "attributes": {
                            "arn": "arn:aws:iam::190840704773:role/hashistack0095ba02f1d57105ee1fb73f21",
                            "assume_role_policy": "{\"Version\":\"2012-10-17\",\"Statement\":[{\"Sid\":\"\",\"Effect\":\"Allow\",\"Principal\":{\"Service\":\"ec2.amazonaws.com\"},\"Action\":\"sts:AssumeRole\"}]}",
                            "create_date": "2017-08-27T12:24:09Z",
                            "force_detach_policies": "false",
                            "id": "hashistack0095ba02f1d57105ee1fb73f21",
                            "name": "hashistack0095ba02f1d57105ee1fb73f21",
                            "name_prefix": "hashistack",
                            "path": "/",
                            "unique_id": "AROAJ3ZTLY4DWBLU3PCHA"
                        },
                        "meta": {},
                        "tainted": false
                    },
                    "deposed": [],
                    "provider": ""
                },
                "aws_iam_role_policy.auto_discover_cluster": {
                    "type": "aws_iam_role_policy",
                    "depends_on": [
                        "aws_iam_role.instance_role",
                        "data.aws_iam_policy_document.auto_discover_cluster"
                    ],
                    "primary": {
                        "id": "hashistack0095ba02f1d57105ee1fb73f21:auto-discover-cluster",
                        "attributes": {
                            "id": "hashistack0095ba02f1d57105ee1fb73f21:auto-discover-cluster",
                            "name": "auto-discover-cluster",
                            "policy": "{\n  \"Version\": \"2012-10-17\",\n  \"Statement\": [\n    {\n      \"Sid\": \"\",\n      \"Effect\": \"Allow\",\n      \"Action\": [\n        \"ec2:DescribeTags\",\n        \"ec2:DescribeInstances\",\n        \"autoscaling:DescribeAutoScalingGroups\"\n      ],\n      \"Resource\": \"*\"\n    }\n  ]\n}",
                            "role": "hashistack0095ba02f1d57105ee1fb73f21"
                        },
                        "meta": {},
                        "tainted": false
                    },
                    "deposed": [],
                    "provider": ""
                },
                "aws_instance.client.0": {
                    "type": "aws_instance",
                    "depends_on": [
                        "aws_iam_instance_profile.instance_profile",
                        "aws_instance.primary",
                        "aws_security_group.primary",
                        "data.template_file.user_data_client"
                    ],
                    "primary": {
                        "id": "i-0e372da138fb27b6d",
                        "attributes": {
                            "ami": "ami-ed7f7296",
                            "associate_public_ip_address": "true",
                            "availability_zone": "us-east-1b",
                            "disable_api_termination": "false",
                            "ebs_block_device.#": "0",
                            "ebs_optimized": "false",
                            "ephemeral_block_device.#": "0",
                            "iam_instance_profile": "hashistack0095ba02f1d57105ee1fb73f22",
                            "id": "i-0e372da138fb27b6d",
                            "instance_state": "running",
                            "instance_type": "t2.medium",
                            "ipv6_addresses.#": "0",
                            "key_name": "vagrant",
                            "monitoring": "false",
                            "network_interface.#": "0",
                            "network_interface_id": "eni-588a41f2",
                            "primary_network_interface_id": "eni-588a41f2",
                            "private_dns": "ip-172-31-27-139.ec2.internal",
                            "private_ip": "172.31.27.139",
                            "public_dns": "ec2-34-229-214-111.compute-1.amazonaws.com",
                            "public_ip": "34.229.214.111",
                            "root_block_device.#": "1",
                            "root_block_device.0.delete_on_termination": "true",
                            "root_block_device.0.iops": "100",
                            "root_block_device.0.volume_size": "8",
                            "root_block_device.0.volume_type": "gp2",
                            "security_groups.#": "0",
                            "source_dest_check": "true",
                            "subnet_id": "subnet-93d3dfca",
                            "tags.%": "2",
                            "tags.ConsulAutoJoin": "auto-join",
                            "tags.Name": "hashistack-client-0",
                            "tenancy": "default",
                            "user_data": "307ddc8b9c9b550b42085405f9287bb037df9386",
                            "volume_tags.%": "0",
                            "vpc_security_group_ids.#": "1",
                            "vpc_security_group_ids.2172317749": "sg-892c45f9"
                        },
                        "meta": {
                            "e2bfb730-ecaa-11e6-8f88-34363bc7c4c0": {
                                "create": 600000000000,
                                "delete": 600000000000,
                                "update": 600000000000
                            },
                            "schema_version": "1"
                        },
                        "tainted": false
                    },
                    "deposed": [],
                    "provider": ""
                },
                "aws_instance.client.1": {
                    "type": "aws_instance",
                    "depends_on": [
                        "aws_iam_instance_profile.instance_profile",
                        "aws_instance.primary",
                        "aws_security_group.primary",
                        "data.template_file.user_data_client"
                    ],
                    "primary": {
                        "id": "i-024b5c317059fb061",
                        "attributes": {
                            "ami": "ami-ed7f7296",
                            "associate_public_ip_address": "true",
                            "availability_zone": "us-east-1b",
                            "disable_api_termination": "false",
                            "ebs_block_device.#": "0",
                            "ebs_optimized": "false",
                            "ephemeral_block_device.#": "0",
                            "iam_instance_profile": "hashistack0095ba02f1d57105ee1fb73f22",
                            "id": "i-024b5c317059fb061",
                            "instance_state": "running",
                            "instance_type": "t2.medium",
                            "ipv6_addresses.#": "0",
                            "key_name": "vagrant",
                            "monitoring": "false",
                            "network_interface.#": "0",
                            "network_interface_id": "eni-598a41f3",
                            "primary_network_interface_id": "eni-598a41f3",
                            "private_dns": "ip-172-31-31-120.ec2.internal",
                            "private_ip": "172.31.31.120",
                            "public_dns": "ec2-54-242-106-147.compute-1.amazonaws.com",
                            "public_ip": "54.242.106.147",
                            "root_block_device.#": "1",
                            "root_block_device.0.delete_on_termination": "true",
                            "root_block_device.0.iops": "100",
                            "root_block_device.0.volume_size": "8",
                            "root_block_device.0.volume_type": "gp2",
                            "security_groups.#": "0",
                            "source_dest_check": "true",
                            "subnet_id": "subnet-93d3dfca",
                            "tags.%": "2",
                            "tags.ConsulAutoJoin": "auto-join",
                            "tags.Name": "hashistack-client-1",
                            "tenancy": "default",
                            "user_data": "307ddc8b9c9b550b42085405f9287bb037df9386",
                            "volume_tags.%": "0",
                            "vpc_security_group_ids.#": "1",
                            "vpc_security_group_ids.2172317749": "sg-892c45f9"
                        },
                        "meta": {
                            "e2bfb730-ecaa-11e6-8f88-34363bc7c4c0": {
                                "create": 600000000000,
                                "delete": 600000000000,
                                "update": 600000000000
                            },
                            "schema_version": "1"
                        },
                        "tainted": false
                    },
                    "deposed": [],
                    "provider": ""
                },
                "aws_instance.primary": {
                    "type": "aws_instance",
                    "depends_on": [
                        "aws_iam_instance_profile.instance_profile",
                        "aws_security_group.primary",
                        "data.template_file.user_data_server_primary"
                    ],
                    "primary": {
                        "id": "i-0743bdb8d402f3c61",
                        "attributes": {
                            "ami": "ami-ed7f7296",
                            "associate_public_ip_address": "true",
                            "availability_zone": "us-east-1b",
                            "disable_api_termination": "false",
                            "ebs_block_device.#": "0",
                            "ebs_optimized": "false",
                            "ephemeral_block_device.#": "0",
                            "iam_instance_profile": "hashistack0095ba02f1d57105ee1fb73f22",
                            "id": "i-0743bdb8d402f3c61",
                            "instance_state": "running",
                            "instance_type": "t2.medium",
                            "ipv6_addresses.#": "0",
                            "key_name": "vagrant",
                            "monitoring": "false",
                            "network_interface.#": "0",
                            "network_interface_id": "eni-4c74bce6",
                            "primary_network_interface_id": "eni-4c74bce6",
                            "private_dns": "ip-172-31-30-139.ec2.internal",
                            "private_ip": "172.31.30.139",
                            "public_dns": "ec2-34-227-100-141.compute-1.amazonaws.com",
                            "public_ip": "34.227.100.141",
                            "root_block_device.#": "1",
                            "root_block_device.0.delete_on_termination": "true",
                            "root_block_device.0.iops": "100",
                            "root_block_device.0.volume_size": "8",
                            "root_block_device.0.volume_type": "gp2",
                            "security_groups.#": "0",
                            "source_dest_check": "true",
                            "subnet_id": "subnet-93d3dfca",
                            "tags.%": "2",
                            "tags.ConsulAutoJoin": "auto-join",
                            "tags.Name": "hashistack-server-0",
                            "tenancy": "default",
                            "user_data": "98ba71af3861b0ff12c94f1e0ebf02e0d24bf302",
                            "volume_tags.%": "0",
                            "vpc_security_group_ids.#": "1",
                            "vpc_security_group_ids.2172317749": "sg-892c45f9"
                        },
                        "meta": {
                            "e2bfb730-ecaa-11e6-8f88-34363bc7c4c0": {
                                "create": 600000000000,
                                "delete": 600000000000,
                                "update": 600000000000
                            },
                            "schema_version": "1"
                        },
                        "tainted": false
                    },
                    "deposed": [],
                    "provider": ""
                },
                "aws_security_group.primary": {
                    "type": "aws_security_group",
                    "depends_on": [
                        "data.aws_vpc.default"
                    ],
                    "primary": {
                        "id": "sg-892c45f9",
                        "attributes": {
                            "description": "Managed by Terraform",
                            "egress.#": "1",
                            "egress.482069346.cidr_blocks.#": "1",
                            "egress.482069346.cidr_blocks.0": "0.0.0.0/0",
                            "egress.482069346.from_port": "0",
                            "egress.482069346.ipv6_cidr_blocks.#": "0",
                            "egress.482069346.prefix_list_ids.#": "0",
                            "egress.482069346.protocol": "-1",
                            "egress.482069346.security_groups.#": "0",
                            "egress.482069346.self": "false",
                            "egress.482069346.to_port": "0",
                            "id": "sg-892c45f9",
                            "ingress.#": "3",
                            "ingress.2541437006.cidr_blocks.#": "1",
                            "ingress.2541437006.cidr_blocks.0": "0.0.0.0/0",
                            "ingress.2541437006.from_port": "22",
                            "ingress.2541437006.ipv6_cidr_blocks.#": "0",
                            "ingress.2541437006.protocol": "tcp",
                            "ingress.2541437006.security_groups.#": "0",
                            "ingress.2541437006.self": "false",
                            "ingress.2541437006.to_port": "22",
                            "ingress.3482902040.cidr_blocks.#": "1",
                            "ingress.3482902040.cidr_blocks.0": "0.0.0.0/0",
                            "ingress.3482902040.from_port": "8500",
                            "ingress.3482902040.ipv6_cidr_blocks.#": "0",
                            "ingress.3482902040.protocol": "tcp",
                            "ingress.3482902040.security_groups.#": "0",
                            "ingress.3482902040.self": "false",
                            "ingress.3482902040.to_port": "8500",
                            "ingress.482069346.cidr_blocks.#": "1",
                            "ingress.482069346.cidr_blocks.0": "0.0.0.0/0",
                            "ingress.482069346.from_port": "0",
                            "ingress.482069346.ipv6_cidr_blocks.#": "0",
                            "ingress.482069346.protocol": "-1",
                            "ingress.482069346.security_groups.#": "0",
                            "ingress.482069346.self": "false",
                            "ingress.482069346.to_port": "0",
                            "name": "hashistack",
                            "owner_id": "190840704773",
                            "tags.%": "0",
                            "vpc_id": "vpc-6ce35108"
                        },
                        "meta": {},
                        "tainted": false
                    },
                    "deposed": [],
                    "provider": ""
                },
                "data.aws_iam_policy_document.auto_discover_cluster": {
                    "type": "aws_iam_policy_document",
                    "depends_on": [],
                    "primary": {
                        "id": "2069168386",
                        "attributes": {
                            "id": "2069168386",
                            "json": "{\n  \"Version\": \"2012-10-17\",\n  \"Statement\": [\n    {\n      \"Sid\": \"\",\n      \"Effect\": \"Allow\",\n      \"Action\": [\n        \"ec2:DescribeTags\",\n        \"ec2:DescribeInstances\",\n        \"autoscaling:DescribeAutoScalingGroups\"\n      ],\n      \"Resource\": \"*\"\n    }\n  ]\n}",
                            "statement.#": "1",
                            "statement.0.actions.#": "3",
                            "statement.0.actions.1274732150": "autoscaling:DescribeAutoScalingGroups",
                            "statement.0.actions.3466923763": "ec2:DescribeInstances",
                            "statement.0.actions.810672830": "ec2:DescribeTags",
                            "statement.0.condition.#": "0",
                            "statement.0.effect": "Allow",
                            "statement.0.not_actions.#": "0",
                            "statement.0.not_principals.#": "0",
                            "statement.0.not_resources.#": "0",
                            "statement.0.principals.#": "0",
                            "statement.0.resources.#": "1",
                            "statement.0.resources.2679715827": "*",
                            "statement.0.sid": ""
                        },
                        "meta": {},
                        "tainted": false
                    },
                    "deposed": [],
                    "provider": ""
                },
                "data.aws_iam_policy_document.instance_role": {
                    "type": "aws_iam_policy_document",
                    "depends_on": [],
                    "primary": {
                        "id": "1903849331",
                        "attributes": {
                            "id": "1903849331",
                            "json": "{\n  \"Version\": \"2012-10-17\",\n  \"Statement\": [\n    {\n      \"Sid\": \"\",\n      \"Effect\": \"Allow\",\n      \"Action\": \"sts:AssumeRole\",\n      \"Principal\": {\n        \"Service\": \"ec2.amazonaws.com\"\n      }\n    }\n  ]\n}",
                            "statement.#": "1",
                            "statement.0.actions.#": "1",
                            "statement.0.actions.2528466339": "sts:AssumeRole",
                            "statement.0.condition.#": "0",
                            "statement.0.effect": "Allow",
                            "statement.0.not_actions.#": "0",
                            "statement.0.not_principals.#": "0",
                            "statement.0.not_resources.#": "0",
                            "statement.0.principals.#": "1",
                            "statement.0.principals.1134724139.identifiers.#": "1",
                            "statement.0.principals.1134724139.identifiers.3655884555": "ec2.amazonaws.com",
                            "statement.0.principals.1134724139.type": "Service",
                            "statement.0.resources.#": "0",
                            "statement.0.sid": ""
                        },
                        "meta": {},
                        "tainted": false
                    },
                    "deposed": [],
                    "provider": ""
                },
                "data.aws_vpc.default": {
                    "type": "aws_vpc",
                    "depends_on": [],
                    "primary": {
                        "id": "vpc-6ce35108",
                        "attributes": {
                            "cidr_block": "172.31.0.0/16",
                            "default": "true",
                            "dhcp_options_id": "dopt-4c519629",
                            "id": "vpc-6ce35108",
                            "instance_tenancy": "default",
                            "state": "available",
                            "tags.%": "1",
                            "tags.Name": "Default"
                        },
                        "meta": {},
                        "tainted": false
                    },
                    "deposed": [],
                    "provider": ""
                },
                "data.template_file.user_data_client": {
                    "type": "template_file",
                    "depends_on": [
                        "aws_instance.primary"
                    ],
                    "primary": {
                        "id": "462f1ad070f1e0adf090319239dc0d81b32a7cd57f4fbafe20bd61f566ea5a0e",
                        "attributes": {
                            "id": "462f1ad070f1e0adf090319239dc0d81b32a7cd57f4fbafe20bd61f566ea5a0e",
                            "rendered": "#!/bin/bash\n\nset -e\n\nexec \u003e \u003e(sudo tee /var/log/user-data.log|logger -t user-data -s 2\u003e/dev/console) 2\u003e\u00261\nsudo bash /ops/shared/scripts/client.sh \"us-east-1\" \"auto-join\" \"172.31.30.139\"\n",
                            "template": "#!/bin/bash\n\nset -e\n\nexec \u003e \u003e(sudo tee /var/log/user-data.log|logger -t user-data -s 2\u003e/dev/console) 2\u003e\u00261\nsudo bash /ops/shared/scripts/client.sh \"${region}\" \"${cluster_tag_value}\" \"${server_ip}\"\n",
                            "vars.%": "3",
                            "vars.cluster_tag_value": "auto-join",
                            "vars.region": "us-east-1",
                            "vars.server_ip": "172.31.30.139"
                        },
                        "meta": {},
                        "tainted": false
                    },
                    "deposed": [],
                    "provider": ""
                },
                "data.template_file.user_data_server_primary": {
                    "type": "template_file",
                    "depends_on": [],
                    "primary": {
                        "id": "983c6169c49a7493e208fb5dbc98b10700b5395d872f68450ec3702143bcea93",
                        "attributes": {
                            "id": "983c6169c49a7493e208fb5dbc98b10700b5395d872f68450ec3702143bcea93",
                            "rendered": "#!/bin/bash\n\nset -e\n\nexec \u003e \u003e(sudo tee /var/log/user-data.log|logger -t user-data -s 2\u003e/dev/console) 2\u003e\u00261\nsudo bash /ops/shared/scripts/server.sh \"1\" \"us-east-1\" \"auto-join\"\n",
                            "template": "#!/bin/bash\n\nset -e\n\nexec \u003e \u003e(sudo tee /var/log/user-data.log|logger -t user-data -s 2\u003e/dev/console) 2\u003e\u00261\nsudo bash /ops/shared/scripts/server.sh \"${server_count}\" \"${region}\" \"${cluster_tag_value}\"\n",
                            "vars.%": "3",
                            "vars.cluster_tag_value": "auto-join",
                            "vars.region": "us-east-1",
                            "vars.server_count": "1"
                        },
                        "meta": {},
                        "tainted": false
                    },
                    "deposed": [],
                    "provider": ""
                }
            },
            "depends_on": []
        }
    ]
}
